<?xml version="1.0" encoding="utf-8"?>
<Project ToolsVersion="4.0" xmlns="http://schemas.microsoft.com/developer/msbuild/2003">
  <ItemGroup>
    <Filter Include="Source Files">
      <UniqueIdentifier>{4FC737F1-C7A5-4376-A066-2A32D752A2FF}</UniqueIdentifier>
      <Extensions>cpp;c;cc;cxx;c++;cppm;ixx;def;odl;idl;hpj;bat;asm;asmx</Extensions>
    </Filter>
    <Filter Include="Source Files\Shader">
      <UniqueIdentifier>{ed2091e7-d352-48eb-8644-6792213a6078}</UniqueIdentifier>
    </Filter>
    <Filter Include="Source Files\GridTools">
      <UniqueIdentifier>{bbdb572d-2f5c-427f-b348-4e7ecf4b6a65}</UniqueIdentifier>
    </Filter>
    <Filter Include="Source Files\Tiles">
      <UniqueIdentifier>{f431941b-e114-4e0e-a808-c1b0e799a077}</UniqueIdentifier>
    </Filter>
    <Filter Include="Source Files\Third-Party">
      <UniqueIdentifier>{35e2b21c-cdac-4371-a81a-89c40a47a9a4}</UniqueIdentifier>
    </Filter>
    <Filter Include="Source Files\Third-Party\OpenGL">
      <UniqueIdentifier>{80abd802-d27b-4c34-a841-39197054fab2}</UniqueIdentifier>
    </Filter>
    <Filter Include="Source Files\Third-Party\DearImGui">
      <UniqueIdentifier>{38aebeb9-481f-4608-a74f-99c3c1fd7487}</UniqueIdentifier>
    </Filter>
    <Filter Include="Source Files\Rendering">
      <UniqueIdentifier>{b1426754-6975-494b-bd75-4cc9b4ddeaca}</UniqueIdentifier>
    </Filter>
    <Filter Include="Source Files\Third-Party\stb">
      <UniqueIdentifier>{488efc47-5276-40c8-b52c-bb8c88bd5c0a}</UniqueIdentifier>
    </Filter>
    <Filter Include="Source Files\Files">
      <UniqueIdentifier>{877b365e-d14b-4d0c-9771-96d75dffa1eb}</UniqueIdentifier>
    </Filter>
  </ItemGroup>
  <ItemGroup>
    <ClCompile Include="main.cpp">
      <Filter>Source Files</Filter>
    </ClCompile>
    <ClCompile Include="MainWindow.cpp">
      <Filter>Source Files</Filter>
    </ClCompile>
    <ClCompile Include="libs\imgui\imgui_demo.cpp">
      <Filter>Source Files\Third-Party\DearImGui</Filter>
    </ClCompile>
    <ClCompile Include="libs\imgui\imgui_draw.cpp">
      <Filter>Source Files\Third-Party\DearImGui</Filter>
    </ClCompile>
    <ClCompile Include="libs\imgui\backends\imgui_impl_opengl3.cpp">
      <Filter>Source Files\Third-Party\DearImGui</Filter>
    </ClCompile>
    <ClCompile Include="libs\imgui\backends\imgui_impl_sdl.cpp">
      <Filter>Source Files\Third-Party\DearImGui</Filter>
    </ClCompile>
    <ClCompile Include="libs\imgui\backends\imgui_impl_sdlrenderer.cpp">
      <Filter>Source Files\Third-Party\DearImGui</Filter>
    </ClCompile>
    <ClCompile Include="libs\imgui\imgui_tables.cpp">
      <Filter>Source Files\Third-Party\DearImGui</Filter>
    </ClCompile>
    <ClCompile Include="libs\imgui\imgui_widgets.cpp">
      <Filter>Source Files\Third-Party\DearImGui</Filter>
    </ClCompile>
    <ClCompile Include="libs\imgui\imgui.cpp">
      <Filter>Source Files\Third-Party\DearImGui</Filter>
    </ClCompile>
    <ClCompile Include="libs\glad\src\glad.c">
      <Filter>Source Files\Third-Party\OpenGL</Filter>
    </ClCompile>
    <ClCompile Include="Resources.cpp">
      <Filter>Source Files</Filter>
    </ClCompile>
    <ClCompile Include="Input.cpp">
      <Filter>Source Files</Filter>
    </ClCompile>
    <ClCompile Include="GridTool.cpp">
      <Filter>Source Files\GridTools</Filter>
    </ClCompile>
    <ClCompile Include="GridToolBar.cpp">
      <Filter>Source Files\GridTools</Filter>
    </ClCompile>
    <ClCompile Include="Tile.cpp">
      <Filter>Source Files\Tiles</Filter>
    </ClCompile>
    <ClCompile Include="TileMap.cpp">
      <Filter>Source Files\Tiles</Filter>
    </ClCompile>
    <ClCompile Include="Mesh.cpp">
      <Filter>Source Files\Rendering</Filter>
    </ClCompile>
    <ClCompile Include="Renderer.cpp">
      <Filter>Source Files\Rendering</Filter>
    </ClCompile>
    <ClCompile Include="Texture.cpp">
      <Filter>Source Files\Rendering</Filter>
    </ClCompile>
    <ClCompile Include="TextureSheet.cpp">
      <Filter>Source Files</Filter>
    </ClCompile>
    <ClCompile Include="ImGuiHelper.cpp">
      <Filter>Source Files\Rendering</Filter>
    </ClCompile>
    <ClCompile Include="FileBrowser.cpp">
      <Filter>Source Files\Files</Filter>
    </ClCompile>
    <ClCompile Include="Files.cpp">
      <Filter>Source Files\Files</Filter>
    </ClCompile>
    <ClCompile Include="SubTextureData.cpp">
      <Filter>Source Files\Rendering</Filter>
    </ClCompile>
    <ClCompile Include="TilePattern.cpp">
      <Filter>Source Files\Tiles</Filter>
    </ClCompile>
    <ClCompile Include="libs\imgui\misc\cpp\imgui_stdlib.cpp">
      <Filter>Source Files\Third-Party\DearImGui</Filter>
    </ClCompile>
  </ItemGroup>
  <ItemGroup>
    <ClInclude Include="libs\imgui\imconfig.h">
      <Filter>Source Files\Third-Party\DearImGui</Filter>
    </ClInclude>
    <ClInclude Include="libs\imgui\imgui.h">
      <Filter>Source Files\Third-Party\DearImGui</Filter>
    </ClInclude>
    <ClInclude Include="libs\imgui\backends\imgui_impl_opengl3.h">
      <Filter>Source Files\Third-Party\DearImGui</Filter>
    </ClInclude>
    <ClInclude Include="libs\imgui\backends\imgui_impl_opengl3_loader.h">
      <Filter>Source Files\Third-Party\DearImGui</Filter>
    </ClInclude>
    <ClInclude Include="libs\imgui\backends\imgui_impl_sdl.h">
      <Filter>Source Files\Third-Party\DearImGui</Filter>
    </ClInclude>
    <ClInclude Include="libs\imgui\backends\imgui_impl_sdlrenderer.h">
      <Filter>Source Files\Third-Party\DearImGui</Filter>
    </ClInclude>
    <ClInclude Include="libs\imgui\imgui_internal.h">
      <Filter>Source Files\Third-Party\DearImGui</Filter>
    </ClInclude>
    <ClInclude Include="libs\imgui\imstb_truetype.h">
      <Filter>Source Files\Third-Party\DearImGui</Filter>
    </ClInclude>
    <ClInclude Include="libs\imgui\imstb_textedit.h">
      <Filter>Source Files\Third-Party\DearImGui</Filter>
    </ClInclude>
    <ClInclude Include="libs\imgui\imstb_rectpack.h">
      <Filter>Source Files\Third-Party\DearImGui</Filter>
    </ClInclude>
    <ClInclude Include="libs\glad\include\glad\glad.h">
      <Filter>Source Files\Third-Party\OpenGL</Filter>
    </ClInclude>
    <ClInclude Include="libs\glad\include\KHR\khrplatform.h">
      <Filter>Source Files\Third-Party\OpenGL</Filter>
    </ClInclude>
    <ClInclude Include="GridToolType.h">
      <Filter>Source Files\GridTools</Filter>
    </ClInclude>
    <ClInclude Include="GridTool.h">
      <Filter>Source Files\GridTools</Filter>
    </ClInclude>
    <ClInclude Include="GridToolBar.h">
      <Filter>Source Files\GridTools</Filter>
    </ClInclude>
    <ClInclude Include="Tile.h">
      <Filter>Source Files\Tiles</Filter>
    </ClInclude>
    <ClInclude Include="TileMap.h">
      <Filter>Source Files\Tiles</Filter>
    </ClInclude>
    <ClInclude Include="libs\glm\glm.hpp">
      <Filter>Source Files\Third-Party</Filter>
    </ClInclude>
    <ClInclude Include="Renderer.h">
      <Filter>Source Files\Rendering</Filter>
    </ClInclude>
    <ClInclude Include="Shader.h">
      <Filter>Source Files\Rendering</Filter>
    </ClInclude>
    <ClInclude Include="Texture.h">
      <Filter>Source Files\Rendering</Filter>
    </ClInclude>
    <ClInclude Include="Renderable.h">
      <Filter>Source Files\Rendering</Filter>
    </ClInclude>
    <ClInclude Include="MeshRenderer.h">
      <Filter>Source Files\Rendering</Filter>
    </ClInclude>
    <ClInclude Include="Mesh.h">
      <Filter>Source Files\Rendering</Filter>
    </ClInclude>
    <ClInclude Include="Camera.h">
      <Filter>Source Files</Filter>
    </ClInclude>
    <ClInclude Include="Input.h">
      <Filter>Source Files</Filter>
    </ClInclude>
    <ClInclude Include="MainWindow.h">
      <Filter>Source Files</Filter>
    </ClInclude>
    <ClInclude Include="MathExt.h">
      <Filter>Source Files</Filter>
    </ClInclude>
    <ClInclude Include="Resources.h">
      <Filter>Source Files</Filter>
    </ClInclude>
    <ClInclude Include="Serialization.h">
      <Filter>Source Files</Filter>
    </ClInclude>
    <ClInclude Include="Time.h">
      <Filter>Source Files</Filter>
    </ClInclude>
    <ClInclude Include="Strings.h">
      <Filter>Source Files</Filter>
    </ClInclude>
    <ClInclude Include="stb_image.h">
      <Filter>Source Files\Third-Party\stb</Filter>
    </ClInclude>
    <ClInclude Include="stb_image_write.h">
      <Filter>Source Files\Third-Party\stb</Filter>
    </ClInclude>
    <ClInclude Include="TextureSheet.h">
      <Filter>Source Files</Filter>
    </ClInclude>
    <ClInclude Include="ImGuiHelper.h">
      <Filter>Source Files\Rendering</Filter>
    </ClInclude>
    <ClInclude Include="FileBrowser.h">
      <Filter>Source Files\Files</Filter>
    </ClInclude>
    <ClInclude Include="FileBrowserFile.h">
      <Filter>Source Files\Files</Filter>
    </ClInclude>
    <ClInclude Include="Files.h">
      <Filter>Source Files\Files</Filter>
    </ClInclude>
    <ClInclude Include="SubTextureData.h">
      <Filter>Source Files\Rendering</Filter>
    </ClInclude>
    <ClInclude Include="TilePattern.h">
      <Filter>Source Files\Tiles</Filter>
    </ClInclude>
    <ClInclude Include="libs\imgui\misc\cpp\imgui_stdlib.h">
      <Filter>Source Files\Third-Party\DearImGui</Filter>
    </ClInclude>
  </ItemGroup>
  <ItemGroup>
    <None Include="Shaders\default.frag">
      <Filter>Source Files\Shader</Filter>
    </None>
    <None Include="Shaders\default.vert">
      <Filter>Source Files\Shader</Filter>
    </None>
    <None Include="Shaders\2DGrid.frag">
      <Filter>Source Files\Shader</Filter>
    </None>
    <None Include="Shaders\2DGrid.vert">
      <Filter>Source Files\Shader</Filter>
    </None>
  </ItemGroup>
</Project>